{
  "name": "front-learn",
  "version": "1.0.0",
  "lockfileVersion": 3,
  "requires": true,
  "packages": {
    "": {
      "name": "front-learn",
      "version": "1.0.0",
      "license": "ISC",
      "workspaces": [
        "packages/node-learn",
        "packages/html-css-learn",
        "packages/js-learn",
        "packages/frontend-toolings",
        "packages/algorithm",
        "packages/framework-learn"
      ]
    },
    "node_modules/algorithm": {
      "resolved": "packages/algorithm",
      "link": true
    },
    "node_modules/framework-learn": {
      "resolved": "packages/framework-learn",
      "link": true
    },
    "node_modules/frontend-toolings": {
      "resolved": "packages/frontend-toolings",
      "link": true
    },
    "node_modules/html-css-learn": {
      "resolved": "packages/html-css-learn",
      "link": true
    },
    "node_modules/js-learn": {
      "resolved": "packages/js-learn",
      "link": true
    },
    "node_modules/node-learn": {
      "resolved": "packages/node-learn",
      "link": true
    },
    "packages/algorithm": {
      "version": "1.0.0",
      "license": "ISC",
      "devDependencies": {}
    },
    "packages/framework-learn": {
      "version": "1.0.0",
      "license": "ISC",
      "devDependencies": {}
    },
    "packages/frontend-toolings": {
      "version": "1.0.0",
      "license": "ISC",
      "devDependencies": {}
    },
    "packages/html-css-learn": {
      "version": "1.0.0",
      "license": "ISC",
      "devDependencies": {}
    },
    "packages/js-learn": {
      "version": "1.0.0",
      "license": "ISC",
      "devDependencies": {}
    },
    "packages/node-learn": {
      "version": "1.0.0",
      "license": "ISC"
    }
  }
}
